
Microsoft Visual Studio Solution File, Format Version 12.00
# Visual Studio 15
VisualStudioVersion = 15.0.26730.16
MinimumVisualStudioVersion = 10.0.40219.1
Project("{FAE04EC0-301F-11D3-BF4B-00C04F79EFBC}") = "practice 2", "practice 2\practice 2.csproj", "{065B35E1-AA0B-41C6-9F84-24058C9176AB}"
EndProject
Project("{FAE04EC0-301F-11D3-BF4B-00C04F79EFBC}") = "practice 2.Tests", "practice 2.Tests\practice 2.Tests.csproj", "{84996C44-1086-454A-921A-9D11E37BAAD5}"
EndProject
Global
	GlobalSection(SolutionConfigurationPlatforms) = preSolution
		Debug|Any CPU = Debug|Any CPU
		Release|Any CPU = Release|Any CPU
	EndGlobalSection
	GlobalSection(ProjectConfigurationPlatforms) = postSolution
		{065B35E1-AA0B-41C6-9F84-24058C9176AB}.Debug|Any CPU.ActiveCfg = Debug|Any CPU
		{065B35E1-AA0B-41C6-9F84-24058C9176AB}.Debug|Any CPU.Build.0 = Debug|Any CPU
		{065B35E1-AA0B-41C6-9F84-24058C9176AB}.Release|Any CPU.ActiveCfg = Release|Any CPU
		{065B35E1-AA0B-41C6-9F84-24058C9176AB}.Release|Any CPU.Build.0 = Release|Any CPU
		{84996C44-1086-454A-921A-9D11E37BAAD5}.Debug|Any CPU.ActiveCfg = Debug|Any CPU
		{84996C44-1086-454A-921A-9D11E37BAAD5}.Debug|Any CPU.Build.0 = Debug|Any CPU
		{84996C44-1086-454A-921A-9D11E37BAAD5}.Release|Any CPU.ActiveCfg = Release|Any CPU
		{84996C44-1086-454A-921A-9D11E37BAAD5}.Release|Any CPU.Build.0 = Release|Any CPU
	EndGlobalSection
	GlobalSection(SolutionProperties) = preSolution
		HideSolutionNode = FALSE
	EndGlobalSection
	GlobalSection(ExtensibilityGlobals) = postSolution
		SolutionGuid = {BCBA54EF-9B04-43FE-B806-5EFB70085623}
	EndGlobalSection
EndGlobal
